
Microsoft Visual Studio Solution File, Format Version 12.00
# Visual Studio Version 16
VisualStudioVersion = 16.0.31005.135
MinimumVisualStudioVersion = 10.0.40219.1
Project("{FAE04EC0-301F-11D3-BF4B-00C04F79EFBC}") = "SecondDrawing", "SecondDrawing.csproj", "{DE4505DD-DB4E-4169-A351-FF69F0FD2818}"
EndProject
Global
	GlobalSection(SolutionConfigurationPlatforms) = preSolution
		Debug|Any CPU = Debug|Any CPU
		Release|Any CPU = Release|Any CPU
	EndGlobalSection
	GlobalSection(ProjectConfigurationPlatforms) = postSolution
		{DE4505DD-DB4E-4169-A351-FF69F0FD2818}.Debug|Any CPU.ActiveCfg = Debug|Any CPU
		{DE4505DD-DB4E-4169-A351-FF69F0FD2818}.Debug|Any CPU.Build.0 = Debug|Any CPU
		{DE4505DD-DB4E-4169-A351-FF69F0FD2818}.Release|Any CPU.ActiveCfg = Release|Any CPU
		{DE4505DD-DB4E-4169-A351-FF69F0FD2818}.Release|Any CPU.Build.0 = Release|Any CPU
	EndGlobalSection
	GlobalSection(SolutionProperties) = preSolution
		HideSolutionNode = FALSE
	EndGlobalSection
	GlobalSection(ExtensibilityGlobals) = postSolution
		SolutionGuid = {AEFBAFA6-8805-4044-AE67-1B5FCFD73942}
	EndGlobalSection
EndGlobal
