
Microsoft Visual Studio Solution File, Format Version 12.00
# Visual Studio Version 16
VisualStudioVersion = 16.0.31105.61
MinimumVisualStudioVersion = 10.0.40219.1
Project("{FAE04EC0-301F-11D3-BF4B-00C04F79EFBC}") = "oefening8.7", "oefening8.7.csproj", "{FAA431EA-5264-49DD-8243-FD525D5E0AF4}"
EndProject
Global
	GlobalSection(SolutionConfigurationPlatforms) = preSolution
		Debug|Any CPU = Debug|Any CPU
		Release|Any CPU = Release|Any CPU
	EndGlobalSection
	GlobalSection(ProjectConfigurationPlatforms) = postSolution
		{FAA431EA-5264-49DD-8243-FD525D5E0AF4}.Debug|Any CPU.ActiveCfg = Debug|Any CPU
		{FAA431EA-5264-49DD-8243-FD525D5E0AF4}.Debug|Any CPU.Build.0 = Debug|Any CPU
		{FAA431EA-5264-49DD-8243-FD525D5E0AF4}.Release|Any CPU.ActiveCfg = Release|Any CPU
		{FAA431EA-5264-49DD-8243-FD525D5E0AF4}.Release|Any CPU.Build.0 = Release|Any CPU
	EndGlobalSection
	GlobalSection(SolutionProperties) = preSolution
		HideSolutionNode = FALSE
	EndGlobalSection
	GlobalSection(ExtensibilityGlobals) = postSolution
		SolutionGuid = {4DB1AD55-0DDF-44EC-9915-22A7461A152C}
	EndGlobalSection
EndGlobal
