
Microsoft Visual Studio Solution File, Format Version 12.00
# Visual Studio Version 16
VisualStudioVersion = 16.0.31105.61
MinimumVisualStudioVersion = 10.0.40219.1
Project("{FAE04EC0-301F-11D3-BF4B-00C04F79EFBC}") = "ExampleTimeDate", "ExampleTimeDate.csproj", "{F5664D61-8360-47E2-A35B-82627FAFB635}"
EndProject
Global
	GlobalSection(SolutionConfigurationPlatforms) = preSolution
		Debug|Any CPU = Debug|Any CPU
		Release|Any CPU = Release|Any CPU
	EndGlobalSection
	GlobalSection(ProjectConfigurationPlatforms) = postSolution
		{F5664D61-8360-47E2-A35B-82627FAFB635}.Debug|Any CPU.ActiveCfg = Debug|Any CPU
		{F5664D61-8360-47E2-A35B-82627FAFB635}.Debug|Any CPU.Build.0 = Debug|Any CPU
		{F5664D61-8360-47E2-A35B-82627FAFB635}.Release|Any CPU.ActiveCfg = Release|Any CPU
		{F5664D61-8360-47E2-A35B-82627FAFB635}.Release|Any CPU.Build.0 = Release|Any CPU
	EndGlobalSection
	GlobalSection(SolutionProperties) = preSolution
		HideSolutionNode = FALSE
	EndGlobalSection
	GlobalSection(ExtensibilityGlobals) = postSolution
		SolutionGuid = {62EE1198-12A4-4CDF-ACA9-C15FCF5E7A4A}
	EndGlobalSection
EndGlobal
