
Microsoft Visual Studio Solution File, Format Version 12.00
# Visual Studio 15
VisualStudioVersion = 15.0.27428.2037
MinimumVisualStudioVersion = 10.0.40219.1
Project("{FAE04EC0-301F-11D3-BF4B-00C04F79EFBC}") = "Opdracht17_6", "Opdracht17_6.csproj", "{C527CD36-92E3-4F3D-BE68-269F8F6AC756}"
EndProject
Global
	GlobalSection(SolutionConfigurationPlatforms) = preSolution
		Debug|Any CPU = Debug|Any CPU
		Release|Any CPU = Release|Any CPU
	EndGlobalSection
	GlobalSection(ProjectConfigurationPlatforms) = postSolution
		{C527CD36-92E3-4F3D-BE68-269F8F6AC756}.Debug|Any CPU.ActiveCfg = Debug|Any CPU
		{C527CD36-92E3-4F3D-BE68-269F8F6AC756}.Debug|Any CPU.Build.0 = Debug|Any CPU
		{C527CD36-92E3-4F3D-BE68-269F8F6AC756}.Release|Any CPU.ActiveCfg = Release|Any CPU
		{C527CD36-92E3-4F3D-BE68-269F8F6AC756}.Release|Any CPU.Build.0 = Release|Any CPU
	EndGlobalSection
	GlobalSection(SolutionProperties) = preSolution
		HideSolutionNode = FALSE
	EndGlobalSection
	GlobalSection(ExtensibilityGlobals) = postSolution
		SolutionGuid = {8C7A6AF6-57E8-48B3-94D2-528208C6F511}
	EndGlobalSection
EndGlobal
