
Microsoft Visual Studio Solution File, Format Version 12.00
# Visual Studio Version 16
VisualStudioVersion = 16.0.31019.35
MinimumVisualStudioVersion = 10.0.40219.1
Project("{FAE04EC0-301F-11D3-BF4B-00C04F79EFBC}") = "oefening4.9", "oefening4.9.csproj", "{826477FD-23F2-4750-B991-1722494694F5}"
EndProject
Global
	GlobalSection(SolutionConfigurationPlatforms) = preSolution
		Debug|Any CPU = Debug|Any CPU
		Release|Any CPU = Release|Any CPU
	EndGlobalSection
	GlobalSection(ProjectConfigurationPlatforms) = postSolution
		{826477FD-23F2-4750-B991-1722494694F5}.Debug|Any CPU.ActiveCfg = Debug|Any CPU
		{826477FD-23F2-4750-B991-1722494694F5}.Debug|Any CPU.Build.0 = Debug|Any CPU
		{826477FD-23F2-4750-B991-1722494694F5}.Release|Any CPU.ActiveCfg = Release|Any CPU
		{826477FD-23F2-4750-B991-1722494694F5}.Release|Any CPU.Build.0 = Release|Any CPU
	EndGlobalSection
	GlobalSection(SolutionProperties) = preSolution
		HideSolutionNode = FALSE
	EndGlobalSection
	GlobalSection(ExtensibilityGlobals) = postSolution
		SolutionGuid = {29DA7249-4658-4CD7-8D66-91ABEC017A23}
	EndGlobalSection
EndGlobal
