
Microsoft Visual Studio Solution File, Format Version 12.00
# Visual Studio Version 16
VisualStudioVersion = 16.0.31019.35
MinimumVisualStudioVersion = 10.0.40219.1
Project("{FAE04EC0-301F-11D3-BF4B-00C04F79EFBC}") = "oefening7.13", "oefening7.13.csproj", "{E9F31AC9-786B-4827-8F20-5E4761A2168E}"
EndProject
Global
	GlobalSection(SolutionConfigurationPlatforms) = preSolution
		Debug|Any CPU = Debug|Any CPU
		Release|Any CPU = Release|Any CPU
	EndGlobalSection
	GlobalSection(ProjectConfigurationPlatforms) = postSolution
		{E9F31AC9-786B-4827-8F20-5E4761A2168E}.Debug|Any CPU.ActiveCfg = Debug|Any CPU
		{E9F31AC9-786B-4827-8F20-5E4761A2168E}.Debug|Any CPU.Build.0 = Debug|Any CPU
		{E9F31AC9-786B-4827-8F20-5E4761A2168E}.Release|Any CPU.ActiveCfg = Release|Any CPU
		{E9F31AC9-786B-4827-8F20-5E4761A2168E}.Release|Any CPU.Build.0 = Release|Any CPU
	EndGlobalSection
	GlobalSection(SolutionProperties) = preSolution
		HideSolutionNode = FALSE
	EndGlobalSection
	GlobalSection(ExtensibilityGlobals) = postSolution
		SolutionGuid = {A57C437A-4652-4CA8-84A4-C4C6C827EBDA}
	EndGlobalSection
EndGlobal
