
Microsoft Visual Studio Solution File, Format Version 12.00
# Visual Studio Version 16
VisualStudioVersion = 16.0.31019.35
MinimumVisualStudioVersion = 10.0.40219.1
Project("{FAE04EC0-301F-11D3-BF4B-00C04F79EFBC}") = "oefening4.11", "oefening4.11.csproj", "{7D42C4FF-4196-44F6-B1B4-82EADD10D776}"
EndProject
Global
	GlobalSection(SolutionConfigurationPlatforms) = preSolution
		Debug|Any CPU = Debug|Any CPU
		Release|Any CPU = Release|Any CPU
	EndGlobalSection
	GlobalSection(ProjectConfigurationPlatforms) = postSolution
		{7D42C4FF-4196-44F6-B1B4-82EADD10D776}.Debug|Any CPU.ActiveCfg = Debug|Any CPU
		{7D42C4FF-4196-44F6-B1B4-82EADD10D776}.Debug|Any CPU.Build.0 = Debug|Any CPU
		{7D42C4FF-4196-44F6-B1B4-82EADD10D776}.Release|Any CPU.ActiveCfg = Release|Any CPU
		{7D42C4FF-4196-44F6-B1B4-82EADD10D776}.Release|Any CPU.Build.0 = Release|Any CPU
	EndGlobalSection
	GlobalSection(SolutionProperties) = preSolution
		HideSolutionNode = FALSE
	EndGlobalSection
	GlobalSection(ExtensibilityGlobals) = postSolution
		SolutionGuid = {72AF2756-193F-4B43-A827-D67A60CAEC2E}
	EndGlobalSection
EndGlobal
