
Microsoft Visual Studio Solution File, Format Version 12.00
# Visual Studio Version 16
VisualStudioVersion = 16.0.31019.35
MinimumVisualStudioVersion = 10.0.40219.1
Project("{FAE04EC0-301F-11D3-BF4B-00C04F79EFBC}") = "oefening7.11", "oefening7.11.csproj", "{6B30CACB-38CD-4BA6-AC88-802B767E6CF5}"
EndProject
Global
	GlobalSection(SolutionConfigurationPlatforms) = preSolution
		Debug|Any CPU = Debug|Any CPU
		Release|Any CPU = Release|Any CPU
	EndGlobalSection
	GlobalSection(ProjectConfigurationPlatforms) = postSolution
		{6B30CACB-38CD-4BA6-AC88-802B767E6CF5}.Debug|Any CPU.ActiveCfg = Debug|Any CPU
		{6B30CACB-38CD-4BA6-AC88-802B767E6CF5}.Debug|Any CPU.Build.0 = Debug|Any CPU
		{6B30CACB-38CD-4BA6-AC88-802B767E6CF5}.Release|Any CPU.ActiveCfg = Release|Any CPU
		{6B30CACB-38CD-4BA6-AC88-802B767E6CF5}.Release|Any CPU.Build.0 = Release|Any CPU
	EndGlobalSection
	GlobalSection(SolutionProperties) = preSolution
		HideSolutionNode = FALSE
	EndGlobalSection
	GlobalSection(ExtensibilityGlobals) = postSolution
		SolutionGuid = {DDBC95A1-A086-49C3-81A7-763C89B4FB4D}
	EndGlobalSection
EndGlobal
