
Microsoft Visual Studio Solution File, Format Version 12.00
# Visual Studio Version 16
VisualStudioVersion = 16.0.31019.35
MinimumVisualStudioVersion = 10.0.40219.1
Project("{FAE04EC0-301F-11D3-BF4B-00C04F79EFBC}") = "oefening7.14", "oefening7.14.csproj", "{F1F55A20-2AD0-462B-9A2F-FDE8D417A24A}"
EndProject
Global
	GlobalSection(SolutionConfigurationPlatforms) = preSolution
		Debug|Any CPU = Debug|Any CPU
		Release|Any CPU = Release|Any CPU
	EndGlobalSection
	GlobalSection(ProjectConfigurationPlatforms) = postSolution
		{F1F55A20-2AD0-462B-9A2F-FDE8D417A24A}.Debug|Any CPU.ActiveCfg = Debug|Any CPU
		{F1F55A20-2AD0-462B-9A2F-FDE8D417A24A}.Debug|Any CPU.Build.0 = Debug|Any CPU
		{F1F55A20-2AD0-462B-9A2F-FDE8D417A24A}.Release|Any CPU.ActiveCfg = Release|Any CPU
		{F1F55A20-2AD0-462B-9A2F-FDE8D417A24A}.Release|Any CPU.Build.0 = Release|Any CPU
	EndGlobalSection
	GlobalSection(SolutionProperties) = preSolution
		HideSolutionNode = FALSE
	EndGlobalSection
	GlobalSection(ExtensibilityGlobals) = postSolution
		SolutionGuid = {CE997017-5AB3-4F13-9671-F8115103FD4F}
	EndGlobalSection
EndGlobal
