
Microsoft Visual Studio Solution File, Format Version 12.00
# Visual Studio Version 16
VisualStudioVersion = 16.0.31019.35
MinimumVisualStudioVersion = 10.0.40219.1
Project("{FAE04EC0-301F-11D3-BF4B-00C04F79EFBC}") = "Oefening5 15", "Oefening5 15.csproj", "{6FC6338D-3BC1-45B1-BD2C-C4FB3BA77E09}"
EndProject
Global
	GlobalSection(SolutionConfigurationPlatforms) = preSolution
		Debug|Any CPU = Debug|Any CPU
		Release|Any CPU = Release|Any CPU
	EndGlobalSection
	GlobalSection(ProjectConfigurationPlatforms) = postSolution
		{6FC6338D-3BC1-45B1-BD2C-C4FB3BA77E09}.Debug|Any CPU.ActiveCfg = Debug|Any CPU
		{6FC6338D-3BC1-45B1-BD2C-C4FB3BA77E09}.Debug|Any CPU.Build.0 = Debug|Any CPU
		{6FC6338D-3BC1-45B1-BD2C-C4FB3BA77E09}.Release|Any CPU.ActiveCfg = Release|Any CPU
		{6FC6338D-3BC1-45B1-BD2C-C4FB3BA77E09}.Release|Any CPU.Build.0 = Release|Any CPU
	EndGlobalSection
	GlobalSection(SolutionProperties) = preSolution
		HideSolutionNode = FALSE
	EndGlobalSection
	GlobalSection(ExtensibilityGlobals) = postSolution
		SolutionGuid = {0A4F5D7B-D103-4D78-9473-6FE709932FE3}
	EndGlobalSection
EndGlobal
