
Microsoft Visual Studio Solution File, Format Version 12.00
# Visual Studio Version 16
VisualStudioVersion = 16.0.31019.35
MinimumVisualStudioVersion = 10.0.40219.1
Project("{FAE04EC0-301F-11D3-BF4B-00C04F79EFBC}") = "oefening5.6", "oefening5.6.csproj", "{E5BC9460-A186-4B8C-BE8E-093D9D8CDEDA}"
EndProject
Global
	GlobalSection(SolutionConfigurationPlatforms) = preSolution
		Debug|Any CPU = Debug|Any CPU
		Release|Any CPU = Release|Any CPU
	EndGlobalSection
	GlobalSection(ProjectConfigurationPlatforms) = postSolution
		{E5BC9460-A186-4B8C-BE8E-093D9D8CDEDA}.Debug|Any CPU.ActiveCfg = Debug|Any CPU
		{E5BC9460-A186-4B8C-BE8E-093D9D8CDEDA}.Debug|Any CPU.Build.0 = Debug|Any CPU
		{E5BC9460-A186-4B8C-BE8E-093D9D8CDEDA}.Release|Any CPU.ActiveCfg = Release|Any CPU
		{E5BC9460-A186-4B8C-BE8E-093D9D8CDEDA}.Release|Any CPU.Build.0 = Release|Any CPU
	EndGlobalSection
	GlobalSection(SolutionProperties) = preSolution
		HideSolutionNode = FALSE
	EndGlobalSection
	GlobalSection(ExtensibilityGlobals) = postSolution
		SolutionGuid = {16FEC8E1-7043-4668-BFDE-58C4C6D0041B}
	EndGlobalSection
EndGlobal
