
Microsoft Visual Studio Solution File, Format Version 12.00
# Visual Studio Version 16
VisualStudioVersion = 16.0.31005.135
MinimumVisualStudioVersion = 10.0.40219.1
Project("{FAE04EC0-301F-11D3-BF4B-00C04F79EFBC}") = "SecondDrawingBis", "SecondDrawingBis.csproj", "{870EF6CE-4CDB-4452-9F3C-17FEB1AD0357}"
EndProject
Global
	GlobalSection(SolutionConfigurationPlatforms) = preSolution
		Debug|Any CPU = Debug|Any CPU
		Release|Any CPU = Release|Any CPU
	EndGlobalSection
	GlobalSection(ProjectConfigurationPlatforms) = postSolution
		{870EF6CE-4CDB-4452-9F3C-17FEB1AD0357}.Debug|Any CPU.ActiveCfg = Debug|Any CPU
		{870EF6CE-4CDB-4452-9F3C-17FEB1AD0357}.Debug|Any CPU.Build.0 = Debug|Any CPU
		{870EF6CE-4CDB-4452-9F3C-17FEB1AD0357}.Release|Any CPU.ActiveCfg = Release|Any CPU
		{870EF6CE-4CDB-4452-9F3C-17FEB1AD0357}.Release|Any CPU.Build.0 = Release|Any CPU
	EndGlobalSection
	GlobalSection(SolutionProperties) = preSolution
		HideSolutionNode = FALSE
	EndGlobalSection
	GlobalSection(ExtensibilityGlobals) = postSolution
		SolutionGuid = {8D46540A-FEA1-4213-A36D-6283FCE398C3}
	EndGlobalSection
EndGlobal
