
Microsoft Visual Studio Solution File, Format Version 12.00
# Visual Studio Version 16
VisualStudioVersion = 16.0.31005.135
MinimumVisualStudioVersion = 10.0.40219.1
Project("{FAE04EC0-301F-11D3-BF4B-00C04F79EFBC}") = "OpdrachtHouse", "OpdrachtHouse.csproj", "{C2DC610C-C19F-49E8-8671-0E8EDB55644B}"
EndProject
Global
	GlobalSection(SolutionConfigurationPlatforms) = preSolution
		Debug|Any CPU = Debug|Any CPU
		Release|Any CPU = Release|Any CPU
	EndGlobalSection
	GlobalSection(ProjectConfigurationPlatforms) = postSolution
		{C2DC610C-C19F-49E8-8671-0E8EDB55644B}.Debug|Any CPU.ActiveCfg = Debug|Any CPU
		{C2DC610C-C19F-49E8-8671-0E8EDB55644B}.Debug|Any CPU.Build.0 = Debug|Any CPU
		{C2DC610C-C19F-49E8-8671-0E8EDB55644B}.Release|Any CPU.ActiveCfg = Release|Any CPU
		{C2DC610C-C19F-49E8-8671-0E8EDB55644B}.Release|Any CPU.Build.0 = Release|Any CPU
	EndGlobalSection
	GlobalSection(SolutionProperties) = preSolution
		HideSolutionNode = FALSE
	EndGlobalSection
	GlobalSection(ExtensibilityGlobals) = postSolution
		SolutionGuid = {456ECBC7-9315-4CAA-AA9A-E5D2EEA66E51}
	EndGlobalSection
EndGlobal
