
Microsoft Visual Studio Solution File, Format Version 12.00
# Visual Studio 15
VisualStudioVersion = 15.0.27428.2043
MinimumVisualStudioVersion = 10.0.40219.1
Project("{FAE04EC0-301F-11D3-BF4B-00C04F79EFBC}") = "Opgave23", "Opgave23\Opgave23.csproj", "{C4CE19D1-797A-45B5-B47D-3E8840F8A061}"
EndProject
Global
	GlobalSection(SolutionConfigurationPlatforms) = preSolution
		Debug|Any CPU = Debug|Any CPU
		Release|Any CPU = Release|Any CPU
	EndGlobalSection
	GlobalSection(ProjectConfigurationPlatforms) = postSolution
		{C4CE19D1-797A-45B5-B47D-3E8840F8A061}.Debug|Any CPU.ActiveCfg = Debug|Any CPU
		{C4CE19D1-797A-45B5-B47D-3E8840F8A061}.Debug|Any CPU.Build.0 = Debug|Any CPU
		{C4CE19D1-797A-45B5-B47D-3E8840F8A061}.Release|Any CPU.ActiveCfg = Release|Any CPU
		{C4CE19D1-797A-45B5-B47D-3E8840F8A061}.Release|Any CPU.Build.0 = Release|Any CPU
	EndGlobalSection
	GlobalSection(SolutionProperties) = preSolution
		HideSolutionNode = FALSE
	EndGlobalSection
	GlobalSection(ExtensibilityGlobals) = postSolution
		SolutionGuid = {4D65AE1E-54CE-4A27-BA62-F3BACEB16F8D}
	EndGlobalSection
EndGlobal
