
Microsoft Visual Studio Solution File, Format Version 12.00
# Visual Studio Version 16
VisualStudioVersion = 16.0.31005.135
MinimumVisualStudioVersion = 10.0.40219.1
Project("{FAE04EC0-301F-11D3-BF4B-00C04F79EFBC}") = "Oefening2.2", "Oefening2.2.csproj", "{DB0030E5-5859-42FC-9060-0ABEFA763171}"
EndProject
Global
	GlobalSection(SolutionConfigurationPlatforms) = preSolution
		Debug|Any CPU = Debug|Any CPU
		Release|Any CPU = Release|Any CPU
	EndGlobalSection
	GlobalSection(ProjectConfigurationPlatforms) = postSolution
		{DB0030E5-5859-42FC-9060-0ABEFA763171}.Debug|Any CPU.ActiveCfg = Debug|Any CPU
		{DB0030E5-5859-42FC-9060-0ABEFA763171}.Debug|Any CPU.Build.0 = Debug|Any CPU
		{DB0030E5-5859-42FC-9060-0ABEFA763171}.Release|Any CPU.ActiveCfg = Release|Any CPU
		{DB0030E5-5859-42FC-9060-0ABEFA763171}.Release|Any CPU.Build.0 = Release|Any CPU
	EndGlobalSection
	GlobalSection(SolutionProperties) = preSolution
		HideSolutionNode = FALSE
	EndGlobalSection
	GlobalSection(ExtensibilityGlobals) = postSolution
		SolutionGuid = {FFAC9727-B1A0-4EE7-94D9-1BCDE6C49EC1}
	EndGlobalSection
EndGlobal
