
Microsoft Visual Studio Solution File, Format Version 12.00
# Visual Studio Version 16
VisualStudioVersion = 16.0.31019.35
MinimumVisualStudioVersion = 10.0.40219.1
Project("{FAE04EC0-301F-11D3-BF4B-00C04F79EFBC}") = "ExampleRandom", "ExampleRandom.csproj", "{21B36275-CBE2-4F5E-9C9F-F4340F901CFE}"
EndProject
Global
	GlobalSection(SolutionConfigurationPlatforms) = preSolution
		Debug|Any CPU = Debug|Any CPU
		Release|Any CPU = Release|Any CPU
	EndGlobalSection
	GlobalSection(ProjectConfigurationPlatforms) = postSolution
		{21B36275-CBE2-4F5E-9C9F-F4340F901CFE}.Debug|Any CPU.ActiveCfg = Debug|Any CPU
		{21B36275-CBE2-4F5E-9C9F-F4340F901CFE}.Debug|Any CPU.Build.0 = Debug|Any CPU
		{21B36275-CBE2-4F5E-9C9F-F4340F901CFE}.Release|Any CPU.ActiveCfg = Release|Any CPU
		{21B36275-CBE2-4F5E-9C9F-F4340F901CFE}.Release|Any CPU.Build.0 = Release|Any CPU
	EndGlobalSection
	GlobalSection(SolutionProperties) = preSolution
		HideSolutionNode = FALSE
	EndGlobalSection
	GlobalSection(ExtensibilityGlobals) = postSolution
		SolutionGuid = {6B33AE03-FF50-4C6A-B7FF-CF13A88B1452}
	EndGlobalSection
EndGlobal
