
Microsoft Visual Studio Solution File, Format Version 12.00
# Visual Studio Version 16
VisualStudioVersion = 16.0.31005.135
MinimumVisualStudioVersion = 10.0.40219.1
Project("{FAE04EC0-301F-11D3-BF4B-00C04F79EFBC}") = "Oefening2.4", "Oefening2.4.csproj", "{08193114-9AB6-4F55-B5A4-ACBB1F945DFC}"
EndProject
Global
	GlobalSection(SolutionConfigurationPlatforms) = preSolution
		Debug|Any CPU = Debug|Any CPU
		Release|Any CPU = Release|Any CPU
	EndGlobalSection
	GlobalSection(ProjectConfigurationPlatforms) = postSolution
		{08193114-9AB6-4F55-B5A4-ACBB1F945DFC}.Debug|Any CPU.ActiveCfg = Debug|Any CPU
		{08193114-9AB6-4F55-B5A4-ACBB1F945DFC}.Debug|Any CPU.Build.0 = Debug|Any CPU
		{08193114-9AB6-4F55-B5A4-ACBB1F945DFC}.Release|Any CPU.ActiveCfg = Release|Any CPU
		{08193114-9AB6-4F55-B5A4-ACBB1F945DFC}.Release|Any CPU.Build.0 = Release|Any CPU
	EndGlobalSection
	GlobalSection(SolutionProperties) = preSolution
		HideSolutionNode = FALSE
	EndGlobalSection
	GlobalSection(ExtensibilityGlobals) = postSolution
		SolutionGuid = {DFEBEB2E-7917-426F-8076-18CB012F244F}
	EndGlobalSection
EndGlobal
