
Microsoft Visual Studio Solution File, Format Version 12.00
# Visual Studio Version 16
VisualStudioVersion = 16.0.31019.35
MinimumVisualStudioVersion = 10.0.40219.1
Project("{FAE04EC0-301F-11D3-BF4B-00C04F79EFBC}") = "oefening6.3", "oefening6.3.csproj", "{E17CF03E-D43E-4472-9D42-2C8E6FA5AD87}"
EndProject
Global
	GlobalSection(SolutionConfigurationPlatforms) = preSolution
		Debug|Any CPU = Debug|Any CPU
		Release|Any CPU = Release|Any CPU
	EndGlobalSection
	GlobalSection(ProjectConfigurationPlatforms) = postSolution
		{E17CF03E-D43E-4472-9D42-2C8E6FA5AD87}.Debug|Any CPU.ActiveCfg = Debug|Any CPU
		{E17CF03E-D43E-4472-9D42-2C8E6FA5AD87}.Debug|Any CPU.Build.0 = Debug|Any CPU
		{E17CF03E-D43E-4472-9D42-2C8E6FA5AD87}.Release|Any CPU.ActiveCfg = Release|Any CPU
		{E17CF03E-D43E-4472-9D42-2C8E6FA5AD87}.Release|Any CPU.Build.0 = Release|Any CPU
	EndGlobalSection
	GlobalSection(SolutionProperties) = preSolution
		HideSolutionNode = FALSE
	EndGlobalSection
	GlobalSection(ExtensibilityGlobals) = postSolution
		SolutionGuid = {3323F465-104B-4B6D-BE11-46FB95A05B92}
	EndGlobalSection
EndGlobal
