
Microsoft Visual Studio Solution File, Format Version 12.00
# Visual Studio Version 16
VisualStudioVersion = 16.0.31105.61
MinimumVisualStudioVersion = 10.0.40219.1
Project("{FAE04EC0-301F-11D3-BF4B-00C04F79EFBC}") = "Example1ListBox", "Example1ListBox\Example1ListBox.csproj", "{8D1D92FE-E3E7-4B14-A5B5-9E7BAFAC903A}"
EndProject
Global
	GlobalSection(SolutionConfigurationPlatforms) = preSolution
		Debug|Any CPU = Debug|Any CPU
		Release|Any CPU = Release|Any CPU
	EndGlobalSection
	GlobalSection(ProjectConfigurationPlatforms) = postSolution
		{8D1D92FE-E3E7-4B14-A5B5-9E7BAFAC903A}.Debug|Any CPU.ActiveCfg = Debug|Any CPU
		{8D1D92FE-E3E7-4B14-A5B5-9E7BAFAC903A}.Debug|Any CPU.Build.0 = Debug|Any CPU
		{8D1D92FE-E3E7-4B14-A5B5-9E7BAFAC903A}.Release|Any CPU.ActiveCfg = Release|Any CPU
		{8D1D92FE-E3E7-4B14-A5B5-9E7BAFAC903A}.Release|Any CPU.Build.0 = Release|Any CPU
	EndGlobalSection
	GlobalSection(SolutionProperties) = preSolution
		HideSolutionNode = FALSE
	EndGlobalSection
	GlobalSection(ExtensibilityGlobals) = postSolution
		SolutionGuid = {8708621C-CAEC-48F1-B250-181E20F248CD}
	EndGlobalSection
EndGlobal
