
Microsoft Visual Studio Solution File, Format Version 12.00
# Visual Studio 15
VisualStudioVersion = 15.0.27428.2005
MinimumVisualStudioVersion = 10.0.40219.1
Project("{FAE04EC0-301F-11D3-BF4B-00C04F79EFBC}") = "Opdracht_10_8", "Opdracht_10_8.csproj", "{717D4B13-44A9-42C3-A980-70DF004C679B}"
EndProject
Global
	GlobalSection(SolutionConfigurationPlatforms) = preSolution
		Debug|Any CPU = Debug|Any CPU
		Release|Any CPU = Release|Any CPU
	EndGlobalSection
	GlobalSection(ProjectConfigurationPlatforms) = postSolution
		{717D4B13-44A9-42C3-A980-70DF004C679B}.Debug|Any CPU.ActiveCfg = Debug|Any CPU
		{717D4B13-44A9-42C3-A980-70DF004C679B}.Debug|Any CPU.Build.0 = Debug|Any CPU
		{717D4B13-44A9-42C3-A980-70DF004C679B}.Release|Any CPU.ActiveCfg = Release|Any CPU
		{717D4B13-44A9-42C3-A980-70DF004C679B}.Release|Any CPU.Build.0 = Release|Any CPU
	EndGlobalSection
	GlobalSection(SolutionProperties) = preSolution
		HideSolutionNode = FALSE
	EndGlobalSection
	GlobalSection(ExtensibilityGlobals) = postSolution
		SolutionGuid = {FBC88A26-3A4E-44C4-A9B8-69A404496EF7}
	EndGlobalSection
EndGlobal
